
Microsoft Visual Studio Solution File, Format Version 12.00
# Visual Studio Version 16
VisualStudioVersion = 16.0.33027.164
MinimumVisualStudioVersion = 10.0.40219.1
Project("{9A19103F-16F7-4668-BE54-9A1E7A4F7556}") = "ABCHardwareSystem", "ABCHardwareSystem.csproj", "{EDECFC64-41AE-4DC9-BA47-80D9877B3D26}"
EndProject
Global
	GlobalSection(SolutionConfigurationPlatforms) = preSolution
		Debug|Any CPU = Debug|Any CPU
		Release|Any CPU = Release|Any CPU
	EndGlobalSection
	GlobalSection(ProjectConfigurationPlatforms) = postSolution
		{EDECFC64-41AE-4DC9-BA47-80D9877B3D26}.Debug|Any CPU.ActiveCfg = Debug|Any CPU
		{EDECFC64-41AE-4DC9-BA47-80D9877B3D26}.Debug|Any CPU.Build.0 = Debug|Any CPU
		{EDECFC64-41AE-4DC9-BA47-80D9877B3D26}.Release|Any CPU.ActiveCfg = Release|Any CPU
		{EDECFC64-41AE-4DC9-BA47-80D9877B3D26}.Release|Any CPU.Build.0 = Release|Any CPU
	EndGlobalSection
	GlobalSection(SolutionProperties) = preSolution
		HideSolutionNode = FALSE
	EndGlobalSection
	GlobalSection(ExtensibilityGlobals) = postSolution
		SolutionGuid = {E8106F72-C905-4034-813D-3C5E5DC2828C}
	EndGlobalSection
EndGlobal
